
Microsoft Visual Studio Solution File, Format Version 12.00
# Visual Studio Version 16
VisualStudioVersion = 16.0.32228.343
MinimumVisualStudioVersion = 10.0.40219.1
Project("{FAE04EC0-301F-11D3-BF4B-00C04F79EFBC}") = "WEB_THOITRANG", "WEB_THOITRANG\WEB_THOITRANG.csproj", "{0D912238-EA34-416A-B76E-584D3CAC9900}"
EndProject
Global
	GlobalSection(SolutionConfigurationPlatforms) = preSolution
		Debug|Any CPU = Debug|Any CPU
		Release|Any CPU = Release|Any CPU
	EndGlobalSection
	GlobalSection(ProjectConfigurationPlatforms) = postSolution
		{0D912238-EA34-416A-B76E-584D3CAC9900}.Debug|Any CPU.ActiveCfg = Debug|Any CPU
		{0D912238-EA34-416A-B76E-584D3CAC9900}.Debug|Any CPU.Build.0 = Debug|Any CPU
		{0D912238-EA34-416A-B76E-584D3CAC9900}.Release|Any CPU.ActiveCfg = Release|Any CPU
		{0D912238-EA34-416A-B76E-584D3CAC9900}.Release|Any CPU.Build.0 = Release|Any CPU
	EndGlobalSection
	GlobalSection(SolutionProperties) = preSolution
		HideSolutionNode = FALSE
	EndGlobalSection
	GlobalSection(ExtensibilityGlobals) = postSolution
		SolutionGuid = {F524228B-CB7C-4A1B-AF3B-E582F81B3F41}
	EndGlobalSection
EndGlobal
